
Microsoft Visual Studio Solution File, Format Version 12.00
# Visual Studio Version 16
VisualStudioVersion = 25.0.1706.10
MinimumVisualStudioVersion = 10.0.40219.1
Project("{FAE04EC0-301F-11D3-BF4B-00C04F79EFBC}") = "TravelRecordApp.Android", "TravelRecordApp\TravelRecordApp.Android\TravelRecordApp.Android.csproj", "{9B209E2C-F47D-4A36-B891-7710538AD7E3}"
EndProject
Project("{FAE04EC0-301F-11D3-BF4B-00C04F79EFBC}") = "TravelRecordApp.iOS", "TravelRecordApp\TravelRecordApp.iOS\TravelRecordApp.iOS.csproj", "{BBA81B8B-258F-4704-99F4-920932C371FC}"
EndProject
Project("{FAE04EC0-301F-11D3-BF4B-00C04F79EFBC}") = "TravelRecordApp", "TravelRecordApp\TravelRecordApp\TravelRecordApp.csproj", "{AB6B266B-CA28-4F8C-A0B4-6CCE40903947}"
EndProject
Global
	GlobalSection(SolutionConfigurationPlatforms) = preSolution
		Debug|Any CPU = Debug|Any CPU
		Release|Any CPU = Release|Any CPU
		Debug|iPhoneSimulator = Debug|iPhoneSimulator
		Release|iPhoneSimulator = Release|iPhoneSimulator
		Debug|iPhone = Debug|iPhone
		Release|iPhone = Release|iPhone
	EndGlobalSection
	GlobalSection(ProjectConfigurationPlatforms) = postSolution
		{9B209E2C-F47D-4A36-B891-7710538AD7E3}.Debug|Any CPU.ActiveCfg = Debug|Any CPU
		{9B209E2C-F47D-4A36-B891-7710538AD7E3}.Debug|Any CPU.Build.0 = Debug|Any CPU
		{9B209E2C-F47D-4A36-B891-7710538AD7E3}.Release|Any CPU.ActiveCfg = Release|Any CPU
		{9B209E2C-F47D-4A36-B891-7710538AD7E3}.Release|Any CPU.Build.0 = Release|Any CPU
		{9B209E2C-F47D-4A36-B891-7710538AD7E3}.Debug|iPhoneSimulator.ActiveCfg = Debug|Any CPU
		{9B209E2C-F47D-4A36-B891-7710538AD7E3}.Debug|iPhoneSimulator.Build.0 = Debug|Any CPU
		{9B209E2C-F47D-4A36-B891-7710538AD7E3}.Release|iPhoneSimulator.ActiveCfg = Release|Any CPU
		{9B209E2C-F47D-4A36-B891-7710538AD7E3}.Release|iPhoneSimulator.Build.0 = Release|Any CPU
		{9B209E2C-F47D-4A36-B891-7710538AD7E3}.Debug|iPhone.ActiveCfg = Debug|Any CPU
		{9B209E2C-F47D-4A36-B891-7710538AD7E3}.Debug|iPhone.Build.0 = Debug|Any CPU
		{9B209E2C-F47D-4A36-B891-7710538AD7E3}.Release|iPhone.ActiveCfg = Release|Any CPU
		{9B209E2C-F47D-4A36-B891-7710538AD7E3}.Release|iPhone.Build.0 = Release|Any CPU
		{BBA81B8B-258F-4704-99F4-920932C371FC}.Debug|Any CPU.ActiveCfg = Debug|iPhoneSimulator
		{BBA81B8B-258F-4704-99F4-920932C371FC}.Debug|Any CPU.Build.0 = Debug|iPhoneSimulator
		{BBA81B8B-258F-4704-99F4-920932C371FC}.Release|Any CPU.ActiveCfg = Release|iPhoneSimulator
		{BBA81B8B-258F-4704-99F4-920932C371FC}.Release|Any CPU.Build.0 = Release|iPhoneSimulator
		{BBA81B8B-258F-4704-99F4-920932C371FC}.Debug|iPhoneSimulator.ActiveCfg = Debug|iPhoneSimulator
		{BBA81B8B-258F-4704-99F4-920932C371FC}.Debug|iPhoneSimulator.Build.0 = Debug|iPhoneSimulator
		{BBA81B8B-258F-4704-99F4-920932C371FC}.Release|iPhoneSimulator.ActiveCfg = Release|iPhoneSimulator
		{BBA81B8B-258F-4704-99F4-920932C371FC}.Release|iPhoneSimulator.Build.0 = Release|iPhoneSimulator
		{BBA81B8B-258F-4704-99F4-920932C371FC}.Debug|iPhone.ActiveCfg = Debug|iPhone
		{BBA81B8B-258F-4704-99F4-920932C371FC}.Debug|iPhone.Build.0 = Debug|iPhone
		{BBA81B8B-258F-4704-99F4-920932C371FC}.Release|iPhone.ActiveCfg = Release|iPhone
		{BBA81B8B-258F-4704-99F4-920932C371FC}.Release|iPhone.Build.0 = Release|iPhone
		{AB6B266B-CA28-4F8C-A0B4-6CCE40903947}.Debug|Any CPU.ActiveCfg = Debug|Any CPU
		{AB6B266B-CA28-4F8C-A0B4-6CCE40903947}.Debug|Any CPU.Build.0 = Debug|Any CPU
		{AB6B266B-CA28-4F8C-A0B4-6CCE40903947}.Release|Any CPU.ActiveCfg = Release|Any CPU
		{AB6B266B-CA28-4F8C-A0B4-6CCE40903947}.Release|Any CPU.Build.0 = Release|Any CPU
		{AB6B266B-CA28-4F8C-A0B4-6CCE40903947}.Debug|iPhoneSimulator.ActiveCfg = Debug|Any CPU
		{AB6B266B-CA28-4F8C-A0B4-6CCE40903947}.Debug|iPhoneSimulator.Build.0 = Debug|Any CPU
		{AB6B266B-CA28-4F8C-A0B4-6CCE40903947}.Release|iPhoneSimulator.ActiveCfg = Release|Any CPU
		{AB6B266B-CA28-4F8C-A0B4-6CCE40903947}.Release|iPhoneSimulator.Build.0 = Release|Any CPU
		{AB6B266B-CA28-4F8C-A0B4-6CCE40903947}.Debug|iPhone.ActiveCfg = Debug|Any CPU
		{AB6B266B-CA28-4F8C-A0B4-6CCE40903947}.Debug|iPhone.Build.0 = Debug|Any CPU
		{AB6B266B-CA28-4F8C-A0B4-6CCE40903947}.Release|iPhone.ActiveCfg = Release|Any CPU
		{AB6B266B-CA28-4F8C-A0B4-6CCE40903947}.Release|iPhone.Build.0 = Release|Any CPU
	EndGlobalSection
	GlobalSection(SolutionProperties) = preSolution
		HideSolutionNode = FALSE
	EndGlobalSection
	GlobalSection(ExtensibilityGlobals) = postSolution
		SolutionGuid = {2D5B9A2D-62FC-4CB8-8F43-1672F4C2C921}
	EndGlobalSection
EndGlobal
